
Microsoft Visual Studio Solution File, Format Version 12.00
# Visual Studio Version 17
VisualStudioVersion = 17.7.34024.191
MinimumVisualStudioVersion = 10.0.40219.1
Project("{8BC9CEB8-8B4A-11D0-8D11-00A0C91BC942}") = "Server", "Server\Server.vcxproj", "{35BD27C4-F429-444B-9295-64B646370E9B}"
EndProject
Project("{8BC9CEB8-8B4A-11D0-8D11-00A0C91BC942}") = "Client", "Client\Client.vcxproj", "{FD0D5D86-AE01-4649-8AB3-FAF848FC8B52}"
EndProject
Global
	GlobalSection(SolutionConfigurationPlatforms) = preSolution
		Debug|x64 = Debug|x64
		Debug|x86 = Debug|x86
		Release|x64 = Release|x64
		Release|x86 = Release|x86
	EndGlobalSection
	GlobalSection(ProjectConfigurationPlatforms) = postSolution
		{35BD27C4-F429-444B-9295-64B646370E9B}.Debug|x64.ActiveCfg = Debug|x64
		{35BD27C4-F429-444B-9295-64B646370E9B}.Debug|x64.Build.0 = Debug|x64
		{35BD27C4-F429-444B-9295-64B646370E9B}.Debug|x86.ActiveCfg = Debug|Win32
		{35BD27C4-F429-444B-9295-64B646370E9B}.Debug|x86.Build.0 = Debug|Win32
		{35BD27C4-F429-444B-9295-64B646370E9B}.Release|x64.ActiveCfg = Release|x64
		{35BD27C4-F429-444B-9295-64B646370E9B}.Release|x64.Build.0 = Release|x64
		{35BD27C4-F429-444B-9295-64B646370E9B}.Release|x86.ActiveCfg = Release|Win32
		{35BD27C4-F429-444B-9295-64B646370E9B}.Release|x86.Build.0 = Release|Win32
		{FD0D5D86-AE01-4649-8AB3-FAF848FC8B52}.Debug|x64.ActiveCfg = Debug|x64
		{FD0D5D86-AE01-4649-8AB3-FAF848FC8B52}.Debug|x64.Build.0 = Debug|x64
		{FD0D5D86-AE01-4649-8AB3-FAF848FC8B52}.Debug|x86.ActiveCfg = Debug|Win32
		{FD0D5D86-AE01-4649-8AB3-FAF848FC8B52}.Debug|x86.Build.0 = Debug|Win32
		{FD0D5D86-AE01-4649-8AB3-FAF848FC8B52}.Release|x64.ActiveCfg = Release|x64
		{FD0D5D86-AE01-4649-8AB3-FAF848FC8B52}.Release|x64.Build.0 = Release|x64
		{FD0D5D86-AE01-4649-8AB3-FAF848FC8B52}.Release|x86.ActiveCfg = Release|Win32
		{FD0D5D86-AE01-4649-8AB3-FAF848FC8B52}.Release|x86.Build.0 = Release|Win32
	EndGlobalSection
	GlobalSection(SolutionProperties) = preSolution
		HideSolutionNode = FALSE
	EndGlobalSection
	GlobalSection(ExtensibilityGlobals) = postSolution
		SolutionGuid = {A89523B1-6958-4329-B8F7-EF7A9A5D4E6A}
	EndGlobalSection
EndGlobal
